<Solution>
  <Configurations>
    <Platform Name="Any CPU" />
    <Platform Name="x64" />
    <Platform Name="x86" />
  </Configurations>
  <Project Path="personal-website-blazor.csproj" />
  <Project Path="tests/personal-website-blazor.IntegrationTests/personal-website-blazor.IntegrationTests.csproj" />
</Solution>
